// !$*UTF8*$!
{
	archiveVersion = 1;
	classes = {
	};
	objectVersion = 46;
	objects = {

/* Begin PBXBuildFile section */
		4551A797220E44E300C35792 /* ResearchKit.framework in Frameworks */ = {isa = PBXBuildFile; fileRef = 45706FB2220E447900548E39 /* ResearchKit.framework */; };
		4551A798220E44E300C35792 /* ResearchKit.framework in Embed Frameworks */ = {isa = PBXBuildFile; fileRef = 45706FB2220E447900548E39 /* ResearchKit.framework */; settings = {ATTRIBUTES = (CodeSignOnCopy, RemoveHeadersOnCopy, ); }; };
		AD78784D1DD4642400D5B6E5 /* ConsentDocument.swift in Sources */ = {isa = PBXBuildFile; fileRef = AD78784C1DD4642400D5B6E5 /* ConsentDocument.swift */; };
		AD78784F1DD4644700D5B6E5 /* ConsentTask.swift in Sources */ = {isa = PBXBuildFile; fileRef = AD78784E1DD4644700D5B6E5 /* ConsentTask.swift */; };
		AD7878511DD4646800D5B6E5 /* SurveyTask.swift in Sources */ = {isa = PBXBuildFile; fileRef = AD7878501DD4646800D5B6E5 /* SurveyTask.swift */; };
		ADB22A3A1E20DAF400A8B177 /* FirstViewController.swift in Sources */ = {isa = PBXBuildFile; fileRef = ADB22A391E20DAF400A8B177 /* FirstViewController.swift */; };
		ADBD82CD1DEBF52E0075444E /* HealthKitViewController.swift in Sources */ = {isa = PBXBuildFile; fileRef = ADBD82CC1DEBF52E0075444E /* HealthKitViewController.swift */; };
		ADBD82D01DEBF76A0075444E /* HealthKit.framework in Frameworks */ = {isa = PBXBuildFile; fileRef = ADBD82CF1DEBF76A0075444E /* HealthKit.framework */; };
		ADDCABD61DD4390200F31CC9 /* AppDelegate.swift in Sources */ = {isa = PBXBuildFile; fileRef = ADDCABD51DD4390200F31CC9 /* AppDelegate.swift */; };
		ADDCABDB1DD4390200F31CC9 /* Main.storyboard in Resources */ = {isa = PBXBuildFile; fileRef = ADDCABD91DD4390200F31CC9 /* Main.storyboard */; };
		ADDCABDD1DD4390200F31CC9 /* Assets.xcassets in Resources */ = {isa = PBXBuildFile; fileRef = ADDCABDC1DD4390200F31CC9 /* Assets.xcassets */; };
		ADDCABE01DD4390200F31CC9 /* LaunchScreen.storyboard in Resources */ = {isa = PBXBuildFile; fileRef = ADDCABDE1DD4390200F31CC9 /* LaunchScreen.storyboard */; };
/* End PBXBuildFile section */

/* Begin PBXContainerItemProxy section */
		4551A799220E44E300C35792 /* PBXContainerItemProxy */ = {
			isa = PBXContainerItemProxy;
			containerPortal = 45706FAB220E447900548E39 /* ResearchKit.xcodeproj */;
			proxyType = 1;
			remoteGlobalIDString = B183A4731A8535D100C76870;
			remoteInfo = ResearchKit;
		};
		45706FB1220E447900548E39 /* PBXContainerItemProxy */ = {
			isa = PBXContainerItemProxy;
			containerPortal = 45706FAB220E447900548E39 /* ResearchKit.xcodeproj */;
			proxyType = 2;
			remoteGlobalIDString = B183A5951A8535D100C76870;
			remoteInfo = ResearchKit;
		};
		45706FB3220E447900548E39 /* PBXContainerItemProxy */ = {
			isa = PBXContainerItemProxy;
			containerPortal = 45706FAB220E447900548E39 /* ResearchKit.xcodeproj */;
			proxyType = 2;
			remoteGlobalIDString = 86CC8E9A1AC09332001CCD89;
			remoteInfo = ResearchKitTests;
		};
/* End PBXContainerItemProxy section */

/* Begin PBXCopyFilesBuildPhase section */
		ADDCAC1B1DD43A3100F31CC9 /* Embed Frameworks */ = {
			isa = PBXCopyFilesBuildPhase;
			buildActionMask = 2147483647;
			dstPath = "";
			dstSubfolderSpec = 10;
			files = (
				4551A798220E44E300C35792 /* ResearchKit.framework in Embed Frameworks */,
			);
			name = "Embed Frameworks";
			runOnlyForDeploymentPostprocessing = 0;
		};
/* End PBXCopyFilesBuildPhase section */

/* Begin PBXFileReference section */
		45706FAB220E447900548E39 /* ResearchKit.xcodeproj */ = {isa = PBXFileReference; lastKnownFileType = "wrapper.pb-project"; name = ResearchKit.xcodeproj; path = ../../ResearchKit/ResearchKit.xcodeproj; sourceTree = "<group>"; };
		AD78784C1DD4642400D5B6E5 /* ConsentDocument.swift */ = {isa = PBXFileReference; fileEncoding = 4; lastKnownFileType = sourcecode.swift; path = ConsentDocument.swift; sourceTree = "<group>"; };
		AD78784E1DD4644700D5B6E5 /* ConsentTask.swift */ = {isa = PBXFileReference; fileEncoding = 4; lastKnownFileType = sourcecode.swift; path = ConsentTask.swift; sourceTree = "<group>"; };
		AD7878501DD4646800D5B6E5 /* SurveyTask.swift */ = {isa = PBXFileReference; fileEncoding = 4; lastKnownFileType = sourcecode.swift; path = SurveyTask.swift; sourceTree = "<group>"; };
		ADB22A391E20DAF400A8B177 /* FirstViewController.swift */ = {isa = PBXFileReference; fileEncoding = 4; lastKnownFileType = sourcecode.swift; path = FirstViewController.swift; sourceTree = "<group>"; };
		ADBD82CC1DEBF52E0075444E /* HealthKitViewController.swift */ = {isa = PBXFileReference; fileEncoding = 4; lastKnownFileType = sourcecode.swift; path = HealthKitViewController.swift; sourceTree = "<group>"; };
		ADBD82CE1DEBF6B10075444E /* hackpack-research.entitlements */ = {isa = PBXFileReference; lastKnownFileType = text.plist.entitlements; path = "hackpack-research.entitlements"; sourceTree = "<group>"; };
		ADBD82CF1DEBF76A0075444E /* HealthKit.framework */ = {isa = PBXFileReference; lastKnownFileType = wrapper.framework; name = HealthKit.framework; path = System/Library/Frameworks/HealthKit.framework; sourceTree = SDKROOT; };
		ADDCABD21DD4390200F31CC9 /* hackpack-research.app */ = {isa = PBXFileReference; explicitFileType = wrapper.application; includeInIndex = 0; path = "hackpack-research.app"; sourceTree = BUILT_PRODUCTS_DIR; };
		ADDCABD51DD4390200F31CC9 /* AppDelegate.swift */ = {isa = PBXFileReference; lastKnownFileType = sourcecode.swift; path = AppDelegate.swift; sourceTree = "<group>"; };
		ADDCABDA1DD4390200F31CC9 /* Base */ = {isa = PBXFileReference; lastKnownFileType = file.storyboard; name = Base; path = Base.lproj/Main.storyboard; sourceTree = "<group>"; };
		ADDCABDC1DD4390200F31CC9 /* Assets.xcassets */ = {isa = PBXFileReference; lastKnownFileType = folder.assetcatalog; path = Assets.xcassets; sourceTree = "<group>"; };
		ADDCABDF1DD4390200F31CC9 /* Base */ = {isa = PBXFileReference; lastKnownFileType = file.storyboard; name = Base; path = Base.lproj/LaunchScreen.storyboard; sourceTree = "<group>"; };
		ADDCABE11DD4390200F31CC9 /* Info.plist */ = {isa = PBXFileReference; lastKnownFileType = text.plist.xml; path = Info.plist; sourceTree = "<group>"; };
/* End PBXFileReference section */

/* Begin PBXFrameworksBuildPhase section */
		ADDCABCF1DD4390100F31CC9 /* Frameworks */ = {
			isa = PBXFrameworksBuildPhase;
			buildActionMask = 2147483647;
			files = (
				4551A797220E44E300C35792 /* ResearchKit.framework in Frameworks */,
				ADBD82D01DEBF76A0075444E /* HealthKit.framework in Frameworks */,
			);
			runOnlyForDeploymentPostprocessing = 0;
		};
/* End PBXFrameworksBuildPhase section */

/* Begin PBXGroup section */
		45706FAC220E447900548E39 /* Products */ = {
			isa = PBXGroup;
			children = (
				45706FB2220E447900548E39 /* ResearchKit.framework */,
				45706FB4220E447900548E39 /* ResearchKitTests.xctest */,
			);
			name = Products;
			sourceTree = "<group>";
		};
		ADBD82C51DEBF5180075444E /* Frameworks */ = {
			isa = PBXGroup;
			children = (
				ADBD82CF1DEBF76A0075444E /* HealthKit.framework */,
			);
			name = Frameworks;
			sourceTree = "<group>";
		};
		ADDCABC91DD4390100F31CC9 = {
			isa = PBXGroup;
			children = (
				45706FAB220E447900548E39 /* ResearchKit.xcodeproj */,
				ADDCABD41DD4390200F31CC9 /* hackpack-research */,
				ADDCABD31DD4390200F31CC9 /* Products */,
				ADBD82C51DEBF5180075444E /* Frameworks */,
			);
			sourceTree = "<group>";
		};
		ADDCABD31DD4390200F31CC9 /* Products */ = {
			isa = PBXGroup;
			children = (
				ADDCABD21DD4390200F31CC9 /* hackpack-research.app */,
			);
			name = Products;
			sourceTree = "<group>";
		};
		ADDCABD41DD4390200F31CC9 /* hackpack-research */ = {
			isa = PBXGroup;
			children = (
				ADBD82CE1DEBF6B10075444E /* hackpack-research.entitlements */,
				ADDCABD51DD4390200F31CC9 /* AppDelegate.swift */,
				AD78784C1DD4642400D5B6E5 /* ConsentDocument.swift */,
				AD78784E1DD4644700D5B6E5 /* ConsentTask.swift */,
				AD7878501DD4646800D5B6E5 /* SurveyTask.swift */,
				ADBD82CC1DEBF52E0075444E /* HealthKitViewController.swift */,
				ADB22A391E20DAF400A8B177 /* FirstViewController.swift */,
				ADDCABD91DD4390200F31CC9 /* Main.storyboard */,
				ADDCABDC1DD4390200F31CC9 /* Assets.xcassets */,
				ADDCABDE1DD4390200F31CC9 /* LaunchScreen.storyboard */,
				ADDCABE11DD4390200F31CC9 /* Info.plist */,
			);
			path = "hackpack-research";
			sourceTree = "<group>";
		};
/* End PBXGroup section */

/* Begin PBXNativeTarget section */
		ADDCABD11DD4390100F31CC9 /* hackpack-research */ = {
			isa = PBXNativeTarget;
			buildConfigurationList = ADDCABFA1DD4390200F31CC9 /* Build configuration list for PBXNativeTarget "hackpack-research" */;
			buildPhases = (
				ADDCABCE1DD4390100F31CC9 /* Sources */,
				ADDCABCF1DD4390100F31CC9 /* Frameworks */,
				ADDCABD01DD4390100F31CC9 /* Resources */,
				ADDCAC1B1DD43A3100F31CC9 /* Embed Frameworks */,
			);
			buildRules = (
			);
			dependencies = (
				4551A79A220E44E300C35792 /* PBXTargetDependency */,
			);
			name = "hackpack-research";
			productName = "hackpack-research";
			productReference = ADDCABD21DD4390200F31CC9 /* hackpack-research.app */;
			productType = "com.apple.product-type.application";
		};
/* End PBXNativeTarget section */

/* Begin PBXProject section */
		ADDCABCA1DD4390100F31CC9 /* Project object */ = {
			isa = PBXProject;
			attributes = {
				LastSwiftUpdateCheck = 0810;
				LastUpgradeCheck = 1010;
				ORGANIZATIONNAME = "Joy Hsu";
				TargetAttributes = {
					ADDCABD11DD4390100F31CC9 = {
						CreatedOnToolsVersion = 8.1;
						DevelopmentTeam = 8GEKYYW3CQ;
						LastSwiftMigration = 1010;
						ProvisioningStyle = Automatic;
						SystemCapabilities = {
							com.apple.HealthKit = {
								enabled = 1;
							};
						};
					};
				};
			};
			buildConfigurationList = ADDCABCD1DD4390100F31CC9 /* Build configuration list for PBXProject "hackpack-research" */;
			compatibilityVersion = "Xcode 3.2";
			developmentRegion = English;
			hasScannedForEncodings = 0;
			knownRegions = (
				en,
				Base,
			);
			mainGroup = ADDCABC91DD4390100F31CC9;
			productRefGroup = ADDCABD31DD4390200F31CC9 /* Products */;
			projectDirPath = "";
			projectReferences = (
				{
					ProductGroup = 45706FAC220E447900548E39 /* Products */;
					ProjectRef = 45706FAB220E447900548E39 /* ResearchKit.xcodeproj */;
				},
			);
			projectRoot = "";
			targets = (
				ADDCABD11DD4390100F31CC9 /* hackpack-research */,
			);
		};
/* End PBXProject section */

/* Begin PBXReferenceProxy section */
		45706FB2220E447900548E39 /* ResearchKit.framework */ = {
			isa = PBXReferenceProxy;
			fileType = wrapper.framework;
			path = ResearchKit.framework;
			remoteRef = 45706FB1220E447900548E39 /* PBXContainerItemProxy */;
			sourceTree = BUILT_PRODUCTS_DIR;
		};
		45706FB4220E447900548E39 /* ResearchKitTests.xctest */ = {
			isa = PBXReferenceProxy;
			fileType = wrapper.cfbundle;
			path = ResearchKitTests.xctest;
			remoteRef = 45706FB3220E447900548E39 /* PBXContainerItemProxy */;
			sourceTree = BUILT_PRODUCTS_DIR;
		};
/* End PBXReferenceProxy section */

/* Begin PBXResourcesBuildPhase section */
		ADDCABD01DD4390100F31CC9 /* Resources */ = {
			isa = PBXResourcesBuildPhase;
			buildActionMask = 2147483647;
			files = (
				ADDCABE01DD4390200F31CC9 /* LaunchScreen.storyboard in Resources */,
				ADDCABDD1DD4390200F31CC9 /* Assets.xcassets in Resources */,
				ADDCABDB1DD4390200F31CC9 /* Main.storyboard in Resources */,
			);
			runOnlyForDeploymentPostprocessing = 0;
		};
/* End PBXResourcesBuildPhase section */

/* Begin PBXSourcesBuildPhase section */
		ADDCABCE1DD4390100F31CC9 /* Sources */ = {
			isa = PBXSourcesBuildPhase;
			buildActionMask = 2147483647;
			files = (
				AD78784F1DD4644700D5B6E5 /* ConsentTask.swift in Sources */,
				AD7878511DD4646800D5B6E5 /* SurveyTask.swift in Sources */,
				ADBD82CD1DEBF52E0075444E /* HealthKitViewController.swift in Sources */,
				AD78784D1DD4642400D5B6E5 /* ConsentDocument.swift in Sources */,
				ADDCABD61DD4390200F31CC9 /* AppDelegate.swift in Sources */,
				ADB22A3A1E20DAF400A8B177 /* FirstViewController.swift in Sources */,
			);
			runOnlyForDeploymentPostprocessing = 0;
		};
/* End PBXSourcesBuildPhase section */

/* Begin PBXTargetDependency section */
		4551A79A220E44E300C35792 /* PBXTargetDependency */ = {
			isa = PBXTargetDependency;
			name = ResearchKit;
			targetProxy = 4551A799220E44E300C35792 /* PBXContainerItemProxy */;
		};
/* End PBXTargetDependency section */

/* Begin PBXVariantGroup section */
		ADDCABD91DD4390200F31CC9 /* Main.storyboard */ = {
			isa = PBXVariantGroup;
			children = (
				ADDCABDA1DD4390200F31CC9 /* Base */,
			);
			name = Main.storyboard;
			sourceTree = "<group>";
		};
		ADDCABDE1DD4390200F31CC9 /* LaunchScreen.storyboard */ = {
			isa = PBXVariantGroup;
			children = (
				ADDCABDF1DD4390200F31CC9 /* Base */,
			);
			name = LaunchScreen.storyboard;
			sourceTree = "<group>";
		};
/* End PBXVariantGroup section */

/* Begin XCBuildConfiguration section */
		ADDCABF81DD4390200F31CC9 /* Debug */ = {
			isa = XCBuildConfiguration;
			buildSettings = {
				ALWAYS_SEARCH_USER_PATHS = NO;
				CLANG_ANALYZER_NONNULL = YES;
				CLANG_CXX_LANGUAGE_STANDARD = "gnu++0x";
				CLANG_CXX_LIBRARY = "libc++";
				CLANG_ENABLE_MODULES = YES;
				CLANG_ENABLE_OBJC_ARC = YES;
				CLANG_WARN_BLOCK_CAPTURE_AUTORELEASING = YES;
				CLANG_WARN_BOOL_CONVERSION = YES;
				CLANG_WARN_COMMA = YES;
				CLANG_WARN_CONSTANT_CONVERSION = YES;
				CLANG_WARN_DEPRECATED_OBJC_IMPLEMENTATIONS = YES;
				CLANG_WARN_DIRECT_OBJC_ISA_USAGE = YES_ERROR;
				CLANG_WARN_DOCUMENTATION_COMMENTS = YES;
				CLANG_WARN_EMPTY_BODY = YES;
				CLANG_WARN_ENUM_CONVERSION = YES;
				CLANG_WARN_INFINITE_RECURSION = YES;
				CLANG_WARN_INT_CONVERSION = YES;
				CLANG_WARN_NON_LITERAL_NULL_CONVERSION = YES;
				CLANG_WARN_OBJC_IMPLICIT_RETAIN_SELF = YES;
				CLANG_WARN_OBJC_LITERAL_CONVERSION = YES;
				CLANG_WARN_OBJC_ROOT_CLASS = YES_ERROR;
				CLANG_WARN_RANGE_LOOP_ANALYSIS = YES;
				CLANG_WARN_STRICT_PROTOTYPES = YES;
				CLANG_WARN_SUSPICIOUS_MOVE = YES;
				CLANG_WARN_SUSPICIOUS_MOVES = YES;
				CLANG_WARN_UNREACHABLE_CODE = YES;
				CLANG_WARN__DUPLICATE_METHOD_MATCH = YES;
				"CODE_SIGN_IDENTITY[sdk=iphoneos*]" = "iPhone Developer";
				COPY_PHASE_STRIP = NO;
				DEBUG_INFORMATION_FORMAT = dwarf;
				ENABLE_STRICT_OBJC_MSGSEND = YES;
				ENABLE_TESTABILITY = YES;
				FRAMEWORK_SEARCH_PATHS = "";
				GCC_C_LANGUAGE_STANDARD = gnu99;
				GCC_DYNAMIC_NO_PIC = NO;
				GCC_NO_COMMON_BLOCKS = YES;
				GCC_OPTIMIZATION_LEVEL = 0;
				GCC_PREPROCESSOR_DEFINITIONS = (
					"DEBUG=1",
					"$(inherited)",
				);
				GCC_WARN_64_TO_32_BIT_CONVERSION = YES;
				GCC_WARN_ABOUT_RETURN_TYPE = YES_ERROR;
				GCC_WARN_UNDECLARED_SELECTOR = YES;
				GCC_WARN_UNINITIALIZED_AUTOS = YES_AGGRESSIVE;
				GCC_WARN_UNUSED_FUNCTION = YES;
				GCC_WARN_UNUSED_VARIABLE = YES;
				IPHONEOS_DEPLOYMENT_TARGET = 10.1;
				MTL_ENABLE_DEBUG_INFO = YES;
				ONLY_ACTIVE_ARCH = YES;
				SDKROOT = iphoneos;
				SWIFT_ACTIVE_COMPILATION_CONDITIONS = DEBUG;
				SWIFT_OPTIMIZATION_LEVEL = "-Onone";
				TARGETED_DEVICE_FAMILY = "1,2";
			};
			name = Debug;
		};
		ADDCABF91DD4390200F31CC9 /* Release */ = {
			isa = XCBuildConfiguration;
			buildSettings = {
				ALWAYS_SEARCH_USER_PATHS = NO;
				CLANG_ANALYZER_NONNULL = YES;
				CLANG_CXX_LANGUAGE_STANDARD = "gnu++0x";
				CLANG_CXX_LIBRARY = "libc++";
				CLANG_ENABLE_MODULES = YES;
				CLANG_ENABLE_OBJC_ARC = YES;
				CLANG_WARN_BLOCK_CAPTURE_AUTORELEASING = YES;
				CLANG_WARN_BOOL_CONVERSION = YES;
				CLANG_WARN_COMMA = YES;
				CLANG_WARN_CONSTANT_CONVERSION = YES;
				CLANG_WARN_DEPRECATED_OBJC_IMPLEMENTATIONS = YES;
				CLANG_WARN_DIRECT_OBJC_ISA_USAGE = YES_ERROR;
				CLANG_WARN_DOCUMENTATION_COMMENTS = YES;
				CLANG_WARN_EMPTY_BODY = YES;
				CLANG_WARN_ENUM_CONVERSION = YES;
				CLANG_WARN_INFINITE_RECURSION = YES;
				CLANG_WARN_INT_CONVERSION = YES;
				CLANG_WARN_NON_LITERAL_NULL_CONVERSION = YES;
				CLANG_WARN_OBJC_IMPLICIT_RETAIN_SELF = YES;
				CLANG_WARN_OBJC_LITERAL_CONVERSION = YES;
				CLANG_WARN_OBJC_ROOT_CLASS = YES_ERROR;
				CLANG_WARN_RANGE_LOOP_ANALYSIS = YES;
				CLANG_WARN_STRICT_PROTOTYPES = YES;
				CLANG_WARN_SUSPICIOUS_MOVE = YES;
				CLANG_WARN_SUSPICIOUS_MOVES = YES;
				CLANG_WARN_UNREACHABLE_CODE = YES;
				CLANG_WARN__DUPLICATE_METHOD_MATCH = YES;
				"CODE_SIGN_IDENTITY[sdk=iphoneos*]" = "iPhone Developer";
				COPY_PHASE_STRIP = NO;
				DEBUG_INFORMATION_FORMAT = "dwarf-with-dsym";
				ENABLE_NS_ASSERTIONS = NO;
				ENABLE_STRICT_OBJC_MSGSEND = YES;
				FRAMEWORK_SEARCH_PATHS = "";
				GCC_C_LANGUAGE_STANDARD = gnu99;
				GCC_NO_COMMON_BLOCKS = YES;
				GCC_WARN_64_TO_32_BIT_CONVERSION = YES;
				GCC_WARN_ABOUT_RETURN_TYPE = YES_ERROR;
				GCC_WARN_UNDECLARED_SELECTOR = YES;
				GCC_WARN_UNINITIALIZED_AUTOS = YES_AGGRESSIVE;
				GCC_WARN_UNUSED_FUNCTION = YES;
				GCC_WARN_UNUSED_VARIABLE = YES;
				IPHONEOS_DEPLOYMENT_TARGET = 10.1;
				MTL_ENABLE_DEBUG_INFO = NO;
				SDKROOT = iphoneos;
				SWIFT_OPTIMIZATION_LEVEL = "-Owholemodule";
				TARGETED_DEVICE_FAMILY = "1,2";
				VALIDATE_PRODUCT = YES;
			};
			name = Release;
		};
		ADDCABFB1DD4390200F31CC9 /* Debug */ = {
			isa = XCBuildConfiguration;
			buildSettings = {
				ALWAYS_EMBED_SWIFT_STANDARD_LIBRARIES = YES;
				ASSETCATALOG_COMPILER_APPICON_NAME = AppIcon;
				CODE_SIGN_ENTITLEMENTS = "hackpack-research/hackpack-research.entitlements";
				DEVELOPMENT_TEAM = 8GEKYYW3CQ;
				INFOPLIST_FILE = "hackpack-research/Info.plist";
				IPHONEOS_DEPLOYMENT_TARGET = 11.0;
				LD_RUNPATH_SEARCH_PATHS = "$(inherited) @executable_path/Frameworks";
				PRODUCT_BUNDLE_IDENTIFIER = "oliviabrown.hackpack-research";
				PRODUCT_NAME = "$(TARGET_NAME)";
				SWIFT_VERSION = 4.2;
			};
			name = Debug;
		};
		ADDCABFC1DD4390200F31CC9 /* Release */ = {
			isa = XCBuildConfiguration;
			buildSettings = {
				ALWAYS_EMBED_SWIFT_STANDARD_LIBRARIES = YES;
				ASSETCATALOG_COMPILER_APPICON_NAME = AppIcon;
				CODE_SIGN_ENTITLEMENTS = "hackpack-research/hackpack-research.entitlements";
				DEVELOPMENT_TEAM = 8GEKYYW3CQ;
				INFOPLIST_FILE = "hackpack-research/Info.plist";
				IPHONEOS_DEPLOYMENT_TARGET = 11.0;
				LD_RUNPATH_SEARCH_PATHS = "$(inherited) @executable_path/Frameworks";
				PRODUCT_BUNDLE_IDENTIFIER = "oliviabrown.hackpack-research";
				PRODUCT_NAME = "$(TARGET_NAME)";
				SWIFT_VERSION = 4.2;
			};
			name = Release;
		};
/* End XCBuildConfiguration section */

/* Begin XCConfigurationList section */
		ADDCABCD1DD4390100F31CC9 /* Build configuration list for PBXProject "hackpack-research" */ = {
			isa = XCConfigurationList;
			buildConfigurations = (
				ADDCABF81DD4390200F31CC9 /* Debug */,
				ADDCABF91DD4390200F31CC9 /* Release */,
			);
			defaultConfigurationIsVisible = 0;
			defaultConfigurationName = Release;
		};
		ADDCABFA1DD4390200F31CC9 /* Build configuration list for PBXNativeTarget "hackpack-research" */ = {
			isa = XCConfigurationList;
			buildConfigurations = (
				ADDCABFB1DD4390200F31CC9 /* Debug */,
				ADDCABFC1DD4390200F31CC9 /* Release */,
			);
			defaultConfigurationIsVisible = 0;
			defaultConfigurationName = Release;
		};
/* End XCConfigurationList section */
	};
	rootObject = ADDCABCA1DD4390100F31CC9 /* Project object */;
}
